// !$*UTF8*$!
{
	archiveVersion = 1;
	classes = {
	};
	objectVersion = 46;
	objects = {

/* Begin PBXBuildFile section */
		8832C9C21DE7D26400679FC7 /* AppDelegate.swift in Sources */ = {isa = PBXBuildFile; fileRef = 8832C9C11DE7D26400679FC7 /* AppDelegate.swift */; };
		8832C9C41DE7D26400679FC7 /* Assets.xcassets in Resources */ = {isa = PBXBuildFile; fileRef = 8832C9C31DE7D26400679FC7 /* Assets.xcassets */; };
		8832C9C71DE7D26400679FC7 /* MainMenu.xib in Resources */ = {isa = PBXBuildFile; fileRef = 8832C9C51DE7D26400679FC7 /* MainMenu.xib */; };
/* End PBXBuildFile section */

/* Begin PBXFileReference section */
		1829087686CBD3008EFBDCE6 /* Pods-图床.release.xcconfig */ = {isa = PBXFileReference; includeInIndex = 1; lastKnownFileType = text.xcconfig; name = "Pods-图床.release.xcconfig"; path = "Pods/Target Support Files/Pods-图床/Pods-图床.release.xcconfig"; sourceTree = "<group>"; };
		8832C9BE1DE7D26400679FC7 /* 图床.app */ = {isa = PBXFileReference; explicitFileType = wrapper.application; includeInIndex = 0; path = "图床.app"; sourceTree = BUILT_PRODUCTS_DIR; };
		8832C9C11DE7D26400679FC7 /* AppDelegate.swift */ = {isa = PBXFileReference; lastKnownFileType = sourcecode.swift; path = AppDelegate.swift; sourceTree = "<group>"; };
		8832C9C31DE7D26400679FC7 /* Assets.xcassets */ = {isa = PBXFileReference; lastKnownFileType = folder.assetcatalog; path = Assets.xcassets; sourceTree = "<group>"; };
		8832C9C61DE7D26400679FC7 /* Base */ = {isa = PBXFileReference; lastKnownFileType = file.xib; name = Base; path = Base.lproj/MainMenu.xib; sourceTree = "<group>"; };
		8832C9C81DE7D26400679FC7 /* Info.plist */ = {isa = PBXFileReference; lastKnownFileType = text.plist.xml; path = Info.plist; sourceTree = "<group>"; };
		9747A82FC13AB8CC2419018F /* Pods___.framework */ = {isa = PBXFileReference; explicitFileType = wrapper.framework; includeInIndex = 0; path = "Pods___.framework"; sourceTree = BUILT_PRODUCTS_DIR; };
		D28CC84E54D66F4C7D5821CA /* Pods-图床.debug.xcconfig */ = {isa = PBXFileReference; includeInIndex = 1; lastKnownFileType = text.xcconfig; name = "Pods-图床.debug.xcconfig"; path = "Pods/Target Support Files/Pods-图床/Pods-图床.debug.xcconfig"; sourceTree = "<group>"; };
/* End PBXFileReference section */

/* Begin PBXFrameworksBuildPhase section */
		8832C9BB1DE7D26400679FC7 /* Frameworks */ = {
			isa = PBXFrameworksBuildPhase;
			buildActionMask = 2147483647;
			files = (
			);
			runOnlyForDeploymentPostprocessing = 0;
		};
/* End PBXFrameworksBuildPhase section */

/* Begin PBXGroup section */
		4317795406DB782B0E03F128 /* Pods */ = {
			isa = PBXGroup;
			children = (
				D28CC84E54D66F4C7D5821CA /* Pods-图床.debug.xcconfig */,
				1829087686CBD3008EFBDCE6 /* Pods-图床.release.xcconfig */,
			);
			name = Pods;
			sourceTree = "<group>";
		};
		8832C9B51DE7D26400679FC7 = {
			isa = PBXGroup;
			children = (
				8832C9C01DE7D26400679FC7 /* Tuchuang */,
				8832C9BF1DE7D26400679FC7 /* Products */,
				4317795406DB782B0E03F128 /* Pods */,
				97FBCF975C89AD92DD8A2534 /* Frameworks */,
			);
			sourceTree = "<group>";
		};
		8832C9BF1DE7D26400679FC7 /* Products */ = {
			isa = PBXGroup;
			children = (
				8832C9BE1DE7D26400679FC7 /* 图床.app */,
			);
			name = Products;
			sourceTree = "<group>";
		};
		8832C9C01DE7D26400679FC7 /* Tuchuang */ = {
			isa = PBXGroup;
			children = (
				8832C9C11DE7D26400679FC7 /* AppDelegate.swift */,
				8832C9C31DE7D26400679FC7 /* Assets.xcassets */,
				8832C9C51DE7D26400679FC7 /* MainMenu.xib */,
				8832C9C81DE7D26400679FC7 /* Info.plist */,
			);
			path = Tuchuang;
			sourceTree = "<group>";
		};
		97FBCF975C89AD92DD8A2534 /* Frameworks */ = {
			isa = PBXGroup;
			children = (
				9747A82FC13AB8CC2419018F /* Pods___.framework */,
			);
			name = Frameworks;
			sourceTree = "<group>";
		};
/* End PBXGroup section */

/* Begin PBXNativeTarget section */
		8832C9BD1DE7D26400679FC7 /* 图床 */ = {
			isa = PBXNativeTarget;
			buildConfigurationList = 8832C9CB1DE7D26400679FC7 /* Build configuration list for PBXNativeTarget "图床" */;
			buildPhases = (
				8832C9BA1DE7D26400679FC7 /* Sources */,
				8832C9BB1DE7D26400679FC7 /* Frameworks */,
				8832C9BC1DE7D26400679FC7 /* Resources */,
			);
			buildRules = (
			);
			dependencies = (
			);
			name = "图床";
			productName = Tuchuang;
			productReference = 8832C9BE1DE7D26400679FC7 /* 图床.app */;
			productType = "com.apple.product-type.application";
		};
/* End PBXNativeTarget section */

/* Begin PBXProject section */
		8832C9B61DE7D26400679FC7 /* Project object */ = {
			isa = PBXProject;
			attributes = {
				LastSwiftUpdateCheck = 0730;
				LastUpgradeCheck = 0730;
				ORGANIZATIONNAME = peterfei;
				TargetAttributes = {
					8832C9BD1DE7D26400679FC7 = {
						CreatedOnToolsVersion = 7.3.1;
					};
				};
			};
			buildConfigurationList = 8832C9B91DE7D26400679FC7 /* Build configuration list for PBXProject "图床" */;
			compatibilityVersion = "Xcode 3.2";
			developmentRegion = English;
			hasScannedForEncodings = 0;
			knownRegions = (
				en,
				Base,
			);
			mainGroup = 8832C9B51DE7D26400679FC7;
			productRefGroup = 8832C9BF1DE7D26400679FC7 /* Products */;
			projectDirPath = "";
			projectRoot = "";
			targets = (
				8832C9BD1DE7D26400679FC7 /* 图床 */,
			);
		};
/* End PBXProject section */

/* Begin PBXResourcesBuildPhase section */
		8832C9BC1DE7D26400679FC7 /* Resources */ = {
			isa = PBXResourcesBuildPhase;
			buildActionMask = 2147483647;
			files = (
				8832C9C41DE7D26400679FC7 /* Assets.xcassets in Resources */,
				8832C9C71DE7D26400679FC7 /* MainMenu.xib in Resources */,
			);
			runOnlyForDeploymentPostprocessing = 0;
		};
/* End PBXResourcesBuildPhase section */

/* Begin PBXSourcesBuildPhase section */
		8832C9BA1DE7D26400679FC7 /* Sources */ = {
			isa = PBXSourcesBuildPhase;
			buildActionMask = 2147483647;
			files = (
				8832C9C21DE7D26400679FC7 /* AppDelegate.swift in Sources */,
			);
			runOnlyForDeploymentPostprocessing = 0;
		};
/* End PBXSourcesBuildPhase section */

/* Begin PBXVariantGroup section */
		8832C9C51DE7D26400679FC7 /* MainMenu.xib */ = {
			isa = PBXVariantGroup;
			children = (
				8832C9C61DE7D26400679FC7 /* Base */,
			);
			name = MainMenu.xib;
			sourceTree = "<group>";
		};
/* End PBXVariantGroup section */

/* Begin XCBuildConfiguration section */
		8832C9C91DE7D26400679FC7 /* Debug */ = {
			isa = XCBuildConfiguration;
			buildSettings = {
				ALWAYS_SEARCH_USER_PATHS = NO;
				CLANG_ANALYZER_NONNULL = YES;
				CLANG_CXX_LANGUAGE_STANDARD = "gnu++0x";
				CLANG_CXX_LIBRARY = "libc++";
				CLANG_ENABLE_MODULES = YES;
				CLANG_ENABLE_OBJC_ARC = YES;
				CLANG_WARN_BOOL_CONVERSION = YES;
				CLANG_WARN_CONSTANT_CONVERSION = YES;
				CLANG_WARN_DIRECT_OBJC_ISA_USAGE = YES_ERROR;
				CLANG_WARN_EMPTY_BODY = YES;
				CLANG_WARN_ENUM_CONVERSION = YES;
				CLANG_WARN_INT_CONVERSION = YES;
				CLANG_WARN_OBJC_ROOT_CLASS = YES_ERROR;
				CLANG_WARN_UNREACHABLE_CODE = YES;
				CLANG_WARN__DUPLICATE_METHOD_MATCH = YES;
				CODE_SIGN_IDENTITY = "-";
				COPY_PHASE_STRIP = NO;
				DEBUG_INFORMATION_FORMAT = dwarf;
				ENABLE_STRICT_OBJC_MSGSEND = YES;
				ENABLE_TESTABILITY = YES;
				GCC_C_LANGUAGE_STANDARD = gnu99;
				GCC_DYNAMIC_NO_PIC = NO;
				GCC_NO_COMMON_BLOCKS = YES;
				GCC_OPTIMIZATION_LEVEL = 0;
				GCC_PREPROCESSOR_DEFINITIONS = (
					"DEBUG=1",
					"$(inherited)",
				);
				GCC_WARN_64_TO_32_BIT_CONVERSION = YES;
				GCC_WARN_ABOUT_RETURN_TYPE = YES_ERROR;
				GCC_WARN_UNDECLARED_SELECTOR = YES;
				GCC_WARN_UNINITIALIZED_AUTOS = YES_AGGRESSIVE;
				GCC_WARN_UNUSED_FUNCTION = YES;
				GCC_WARN_UNUSED_VARIABLE = YES;
				MACOSX_DEPLOYMENT_TARGET = 10.11;
				MTL_ENABLE_DEBUG_INFO = YES;
				ONLY_ACTIVE_ARCH = YES;
				SDKROOT = macosx;
				SWIFT_OPTIMIZATION_LEVEL = "-Onone";
			};
			name = Debug;
		};
		8832C9CA1DE7D26400679FC7 /* Release */ = {
			isa = XCBuildConfiguration;
			buildSettings = {
				ALWAYS_SEARCH_USER_PATHS = NO;
				CLANG_ANALYZER_NONNULL = YES;
				CLANG_CXX_LANGUAGE_STANDARD = "gnu++0x";
				CLANG_CXX_LIBRARY = "libc++";
				CLANG_ENABLE_MODULES = YES;
				CLANG_ENABLE_OBJC_ARC = YES;
				CLANG_WARN_BOOL_CONVERSION = YES;
				CLANG_WARN_CONSTANT_CONVERSION = YES;
				CLANG_WARN_DIRECT_OBJC_ISA_USAGE = YES_ERROR;
				CLANG_WARN_EMPTY_BODY = YES;
				CLANG_WARN_ENUM_CONVERSION = YES;
				CLANG_WARN_INT_CONVERSION = YES;
				CLANG_WARN_OBJC_ROOT_CLASS = YES_ERROR;
				CLANG_WARN_UNREACHABLE_CODE = YES;
				CLANG_WARN__DUPLICATE_METHOD_MATCH = YES;
				CODE_SIGN_IDENTITY = "-";
				COPY_PHASE_STRIP = NO;
				DEBUG_INFORMATION_FORMAT = "dwarf-with-dsym";
				ENABLE_NS_ASSERTIONS = NO;
				ENABLE_STRICT_OBJC_MSGSEND = YES;
				GCC_C_LANGUAGE_STANDARD = gnu99;
				GCC_NO_COMMON_BLOCKS = YES;
				GCC_WARN_64_TO_32_BIT_CONVERSION = YES;
				GCC_WARN_ABOUT_RETURN_TYPE = YES_ERROR;
				GCC_WARN_UNDECLARED_SELECTOR = YES;
				GCC_WARN_UNINITIALIZED_AUTOS = YES_AGGRESSIVE;
				GCC_WARN_UNUSED_FUNCTION = YES;
				GCC_WARN_UNUSED_VARIABLE = YES;
				MACOSX_DEPLOYMENT_TARGET = 10.11;
				MTL_ENABLE_DEBUG_INFO = NO;
				SDKROOT = macosx;
			};
			name = Release;
		};
		8832C9CC1DE7D26400679FC7 /* Debug */ = {
			isa = XCBuildConfiguration;
			baseConfigurationReference = D28CC84E54D66F4C7D5821CA /* Pods-图床.debug.xcconfig */;
			buildSettings = {
				ASSETCATALOG_COMPILER_APPICON_NAME = AppIcon;
				COMBINE_HIDPI_IMAGES = YES;
				INFOPLIST_FILE = Tuchuang/Info.plist;
				LD_RUNPATH_SEARCH_PATHS = "$(inherited) @executable_path/../Frameworks";
				MACOSX_DEPLOYMENT_TARGET = 10.11;
				PRODUCT_BUNDLE_IDENTIFIER = com.peterfei.Tuchuang;
				PRODUCT_NAME = "图床";
			};
			name = Debug;
		};
		8832C9CD1DE7D26400679FC7 /* Release */ = {
			isa = XCBuildConfiguration;
			baseConfigurationReference = 1829087686CBD3008EFBDCE6 /* Pods-图床.release.xcconfig */;
			buildSettings = {
				ASSETCATALOG_COMPILER_APPICON_NAME = AppIcon;
				COMBINE_HIDPI_IMAGES = YES;
				INFOPLIST_FILE = Tuchuang/Info.plist;
				LD_RUNPATH_SEARCH_PATHS = "$(inherited) @executable_path/../Frameworks";
				MACOSX_DEPLOYMENT_TARGET = 10.11;
				PRODUCT_BUNDLE_IDENTIFIER = com.peterfei.Tuchuang;
				PRODUCT_NAME = "图床";
			};
			name = Release;
		};
/* End XCBuildConfiguration section */

/* Begin XCConfigurationList section */
		8832C9B91DE7D26400679FC7 /* Build configuration list for PBXProject "图床" */ = {
			isa = XCConfigurationList;
			buildConfigurations = (
				8832C9C91DE7D26400679FC7 /* Debug */,
				8832C9CA1DE7D26400679FC7 /* Release */,
			);
			defaultConfigurationIsVisible = 0;
			defaultConfigurationName = Release;
		};
		8832C9CB1DE7D26400679FC7 /* Build configuration list for PBXNativeTarget "图床" */ = {
			isa = XCConfigurationList;
			buildConfigurations = (
				8832C9CC1DE7D26400679FC7 /* Debug */,
				8832C9CD1DE7D26400679FC7 /* Release */,
			);
			defaultConfigurationIsVisible = 0;
			defaultConfigurationName = Release;
		};
/* End XCConfigurationList section */
	};
	rootObject = 8832C9B61DE7D26400679FC7 /* Project object */;
}
