// !$*UTF8*$!
{
	archiveVersion = 1;
	classes = {
	};
	objectVersion = 46;
	objects = {

/* Begin PBXBuildFile section */
		8832C9C21DE7D26400679FC7 /* AppDelegate.swift in Sources */ = {isa = PBXBuildFile; fileRef = 8832C9C11DE7D26400679FC7 /* AppDelegate.swift */; };
		8832C9C41DE7D26400679FC7 /* Assets.xcassets in Resources */ = {isa = PBXBuildFile; fileRef = 8832C9C31DE7D26400679FC7 /* Assets.xcassets */; };
		8832C9C71DE7D26400679FC7 /* MainMenu.xib in Resources */ = {isa = PBXBuildFile; fileRef = 8832C9C51DE7D26400679FC7 /* MainMenu.xib */; };
		8860F0691DE8050300D9CD01 /* GeneralViewController.swift in Sources */ = {isa = PBXBuildFile; fileRef = 8860F0681DE8050300D9CD01 /* GeneralViewController.swift */; };
		8860F06D1DE8082A00D9CD01 /* ImagePreferencesViewController.xib in Resources */ = {isa = PBXBuildFile; fileRef = 8860F06C1DE8082A00D9CD01 /* ImagePreferencesViewController.xib */; };
		8860F06F1DE8369700D9CD01 /* GeneralViewController.xib in Resources */ = {isa = PBXBuildFile; fileRef = 8860F06E1DE8369700D9CD01 /* GeneralViewController.xib */; };
		8860F0711DE841A800D9CD01 /* PasteboardObserver.swift in Sources */ = {isa = PBXBuildFile; fileRef = 8860F0701DE841A800D9CD01 /* PasteboardObserver.swift */; };
		8860F0731DE846C600D9CD01 /* AppHelper.swift in Sources */ = {isa = PBXBuildFile; fileRef = 8860F0721DE846C600D9CD01 /* AppHelper.swift */; };
		8866868D1DE98722006877E4 /* UpYunSwiftSDK in Resources */ = {isa = PBXBuildFile; fileRef = 8866868C1DE98722006877E4 /* UpYunSwiftSDK */; };
		886686951DE9884A006877E4 /* UPBlockUploader.swift in Sources */ = {isa = PBXBuildFile; fileRef = 886686911DE9884A006877E4 /* UPBlockUploader.swift */; };
		886686961DE9884A006877E4 /* UPFormUploader.swift in Sources */ = {isa = PBXBuildFile; fileRef = 886686921DE9884A006877E4 /* UPFormUploader.swift */; };
		886686971DE9884A006877E4 /* UPHTTPClient.swift in Sources */ = {isa = PBXBuildFile; fileRef = 886686931DE9884A006877E4 /* UPHTTPClient.swift */; };
		886686981DE9884A006877E4 /* UPUtils.swift in Sources */ = {isa = PBXBuildFile; fileRef = 886686941DE9884A006877E4 /* UPUtils.swift */; };
		88D61AC21DE7FAB500B3532E /* ImagePreferencesViewController.swift in Sources */ = {isa = PBXBuildFile; fileRef = 88D61AC11DE7FAB500B3532E /* ImagePreferencesViewController.swift */; };
		BE527B349F7B08679D936010 /* Pods___.framework in Frameworks */ = {isa = PBXBuildFile; fileRef = D3A70FBBAF352AB1870D1DEC /* Pods___.framework */; };
/* End PBXBuildFile section */

/* Begin PBXFileReference section */
		1829087686CBD3008EFBDCE6 /* Pods-图床.release.xcconfig */ = {isa = PBXFileReference; includeInIndex = 1; lastKnownFileType = text.xcconfig; name = "Pods-图床.release.xcconfig"; path = "Pods/Target Support Files/Pods-图床/Pods-图床.release.xcconfig"; sourceTree = "<group>"; };
		8832C9BE1DE7D26400679FC7 /* up云图床.app */ = {isa = PBXFileReference; explicitFileType = wrapper.application; includeInIndex = 0; path = "up云图床.app"; sourceTree = BUILT_PRODUCTS_DIR; };
		8832C9C11DE7D26400679FC7 /* AppDelegate.swift */ = {isa = PBXFileReference; lastKnownFileType = sourcecode.swift; path = AppDelegate.swift; sourceTree = "<group>"; };
		8832C9C31DE7D26400679FC7 /* Assets.xcassets */ = {isa = PBXFileReference; lastKnownFileType = folder.assetcatalog; path = Assets.xcassets; sourceTree = "<group>"; };
		8832C9C61DE7D26400679FC7 /* Base */ = {isa = PBXFileReference; lastKnownFileType = file.xib; name = Base; path = Base.lproj/MainMenu.xib; sourceTree = "<group>"; };
		8832C9C81DE7D26400679FC7 /* Info.plist */ = {isa = PBXFileReference; lastKnownFileType = text.plist.xml; path = Info.plist; sourceTree = "<group>"; };
		8860F0681DE8050300D9CD01 /* GeneralViewController.swift */ = {isa = PBXFileReference; fileEncoding = 4; lastKnownFileType = sourcecode.swift; path = GeneralViewController.swift; sourceTree = "<group>"; };
		8860F06C1DE8082A00D9CD01 /* ImagePreferencesViewController.xib */ = {isa = PBXFileReference; fileEncoding = 4; lastKnownFileType = file.xib; path = ImagePreferencesViewController.xib; sourceTree = "<group>"; };
		8860F06E1DE8369700D9CD01 /* GeneralViewController.xib */ = {isa = PBXFileReference; fileEncoding = 4; lastKnownFileType = file.xib; path = GeneralViewController.xib; sourceTree = "<group>"; };
		8860F0701DE841A800D9CD01 /* PasteboardObserver.swift */ = {isa = PBXFileReference; fileEncoding = 4; lastKnownFileType = sourcecode.swift; path = PasteboardObserver.swift; sourceTree = "<group>"; };
		8860F0721DE846C600D9CD01 /* AppHelper.swift */ = {isa = PBXFileReference; fileEncoding = 4; lastKnownFileType = sourcecode.swift; path = AppHelper.swift; sourceTree = "<group>"; };
		8866868C1DE98722006877E4 /* UpYunSwiftSDK */ = {isa = PBXFileReference; lastKnownFileType = folder; name = UpYunSwiftSDK; path = /Users/liufei/projects/ios/Tuchuang/Tuchuang/UpYunSwiftSDK; sourceTree = "<absolute>"; };
		886686911DE9884A006877E4 /* UPBlockUploader.swift */ = {isa = PBXFileReference; fileEncoding = 4; lastKnownFileType = sourcecode.swift; path = UPBlockUploader.swift; sourceTree = "<group>"; };
		886686921DE9884A006877E4 /* UPFormUploader.swift */ = {isa = PBXFileReference; fileEncoding = 4; lastKnownFileType = sourcecode.swift; path = UPFormUploader.swift; sourceTree = "<group>"; };
		886686931DE9884A006877E4 /* UPHTTPClient.swift */ = {isa = PBXFileReference; fileEncoding = 4; lastKnownFileType = sourcecode.swift; path = UPHTTPClient.swift; sourceTree = "<group>"; };
		886686941DE9884A006877E4 /* UPUtils.swift */ = {isa = PBXFileReference; fileEncoding = 4; lastKnownFileType = sourcecode.swift; path = UPUtils.swift; sourceTree = "<group>"; };
		88D61AC11DE7FAB500B3532E /* ImagePreferencesViewController.swift */ = {isa = PBXFileReference; fileEncoding = 4; lastKnownFileType = sourcecode.swift; path = ImagePreferencesViewController.swift; sourceTree = "<group>"; };
		D28CC84E54D66F4C7D5821CA /* Pods-图床.debug.xcconfig */ = {isa = PBXFileReference; includeInIndex = 1; lastKnownFileType = text.xcconfig; name = "Pods-图床.debug.xcconfig"; path = "Pods/Target Support Files/Pods-图床/Pods-图床.debug.xcconfig"; sourceTree = "<group>"; };
		D3A70FBBAF352AB1870D1DEC /* Pods___.framework */ = {isa = PBXFileReference; explicitFileType = wrapper.framework; includeInIndex = 0; path = "Pods___.framework"; sourceTree = BUILT_PRODUCTS_DIR; };
/* End PBXFileReference section */

/* Begin PBXFrameworksBuildPhase section */
		8832C9BB1DE7D26400679FC7 /* Frameworks */ = {
			isa = PBXFrameworksBuildPhase;
			buildActionMask = 2147483647;
			files = (
				BE527B349F7B08679D936010 /* Pods___.framework in Frameworks */,
			);
			runOnlyForDeploymentPostprocessing = 0;
		};
/* End PBXFrameworksBuildPhase section */

/* Begin PBXGroup section */
		4317795406DB782B0E03F128 /* Pods */ = {
			isa = PBXGroup;
			children = (
				D28CC84E54D66F4C7D5821CA /* Pods-图床.debug.xcconfig */,
				1829087686CBD3008EFBDCE6 /* Pods-图床.release.xcconfig */,
			);
			name = Pods;
			sourceTree = "<group>";
		};
		8832C9B51DE7D26400679FC7 = {
			isa = PBXGroup;
			children = (
				886686901DE9884A006877E4 /* UpYunSwiftSDK */,
				8832C9C01DE7D26400679FC7 /* Tuchuang */,
				8832C9BF1DE7D26400679FC7 /* Products */,
				4317795406DB782B0E03F128 /* Pods */,
				97FBCF975C89AD92DD8A2534 /* Frameworks */,
			);
			sourceTree = "<group>";
		};
		8832C9BF1DE7D26400679FC7 /* Products */ = {
			isa = PBXGroup;
			children = (
				8832C9BE1DE7D26400679FC7 /* up云图床.app */,
			);
			name = Products;
			sourceTree = "<group>";
		};
		8832C9C01DE7D26400679FC7 /* Tuchuang */ = {
			isa = PBXGroup;
			children = (
				8832C9C11DE7D26400679FC7 /* AppDelegate.swift */,
				8832C9C31DE7D26400679FC7 /* Assets.xcassets */,
				8832C9C51DE7D26400679FC7 /* MainMenu.xib */,
				8832C9C81DE7D26400679FC7 /* Info.plist */,
				88D61AC11DE7FAB500B3532E /* ImagePreferencesViewController.swift */,
				8860F06C1DE8082A00D9CD01 /* ImagePreferencesViewController.xib */,
				8860F0681DE8050300D9CD01 /* GeneralViewController.swift */,
				8860F06E1DE8369700D9CD01 /* GeneralViewController.xib */,
				8860F0701DE841A800D9CD01 /* PasteboardObserver.swift */,
				8860F0721DE846C600D9CD01 /* AppHelper.swift */,
			);
			path = Tuchuang;
			sourceTree = "<group>";
		};
		886686901DE9884A006877E4 /* UpYunSwiftSDK */ = {
			isa = PBXGroup;
			children = (
				886686911DE9884A006877E4 /* UPBlockUploader.swift */,
				886686921DE9884A006877E4 /* UPFormUploader.swift */,
				886686931DE9884A006877E4 /* UPHTTPClient.swift */,
				886686941DE9884A006877E4 /* UPUtils.swift */,
			);
			name = UpYunSwiftSDK;
			path = Tuchuang/UpYunSwiftSDK;
			sourceTree = "<group>";
		};
		97FBCF975C89AD92DD8A2534 /* Frameworks */ = {
			isa = PBXGroup;
			children = (
				D3A70FBBAF352AB1870D1DEC /* Pods___.framework */,
			);
			name = Frameworks;
			sourceTree = "<group>";
		};
/* End PBXGroup section */

/* Begin PBXNativeTarget section */
		8832C9BD1DE7D26400679FC7 /* up云图床 */ = {
			isa = PBXNativeTarget;
			buildConfigurationList = 8832C9CB1DE7D26400679FC7 /* Build configuration list for PBXNativeTarget "up云图床" */;
			buildPhases = (
				BA2959BD80378AE9DCBBA7BF /* [CP] Check Pods Manifest.lock */,
				8832C9BA1DE7D26400679FC7 /* Sources */,
				8832C9BB1DE7D26400679FC7 /* Frameworks */,
				8832C9BC1DE7D26400679FC7 /* Resources */,
				6BAE524A13AF0D9A82133099 /* [CP] Embed Pods Frameworks */,
				E9883C0A64F595AE089A2D42 /* [CP] Copy Pods Resources */,
			);
			buildRules = (
			);
			dependencies = (
			);
			name = "up云图床";
			productName = Tuchuang;
			productReference = 8832C9BE1DE7D26400679FC7 /* up云图床.app */;
			productType = "com.apple.product-type.application";
		};
/* End PBXNativeTarget section */

/* Begin PBXProject section */
		8832C9B61DE7D26400679FC7 /* Project object */ = {
			isa = PBXProject;
			attributes = {
				LastSwiftUpdateCheck = 0730;
				LastUpgradeCheck = 0730;
				ORGANIZATIONNAME = peterfei;
				TargetAttributes = {
					8832C9BD1DE7D26400679FC7 = {
						CreatedOnToolsVersion = 7.3.1;
					};
				};
			};
			buildConfigurationList = 8832C9B91DE7D26400679FC7 /* Build configuration list for PBXProject "up云图床" */;
			compatibilityVersion = "Xcode 3.2";
			developmentRegion = English;
			hasScannedForEncodings = 0;
			knownRegions = (
				en,
				Base,
			);
			mainGroup = 8832C9B51DE7D26400679FC7;
			productRefGroup = 8832C9BF1DE7D26400679FC7 /* Products */;
			projectDirPath = "";
			projectRoot = "";
			targets = (
				8832C9BD1DE7D26400679FC7 /* up云图床 */,
			);
		};
/* End PBXProject section */

/* Begin PBXResourcesBuildPhase section */
		8832C9BC1DE7D26400679FC7 /* Resources */ = {
			isa = PBXResourcesBuildPhase;
			buildActionMask = 2147483647;
			files = (
				8832C9C41DE7D26400679FC7 /* Assets.xcassets in Resources */,
				8832C9C71DE7D26400679FC7 /* MainMenu.xib in Resources */,
				8860F06D1DE8082A00D9CD01 /* ImagePreferencesViewController.xib in Resources */,
				8866868D1DE98722006877E4 /* UpYunSwiftSDK in Resources */,
				8860F06F1DE8369700D9CD01 /* GeneralViewController.xib in Resources */,
			);
			runOnlyForDeploymentPostprocessing = 0;
		};
/* End PBXResourcesBuildPhase section */

/* Begin PBXShellScriptBuildPhase section */
		6BAE524A13AF0D9A82133099 /* [CP] Embed Pods Frameworks */ = {
			isa = PBXShellScriptBuildPhase;
			buildActionMask = 2147483647;
			files = (
			);
			inputPaths = (
			);
			name = "[CP] Embed Pods Frameworks";
			outputPaths = (
			);
			runOnlyForDeploymentPostprocessing = 0;
			shellPath = /bin/sh;
			shellScript = "\"${SRCROOT}/Pods/Target Support Files/Pods-图床/Pods-图床-frameworks.sh\"\n";
			showEnvVarsInLog = 0;
		};
		BA2959BD80378AE9DCBBA7BF /* [CP] Check Pods Manifest.lock */ = {
			isa = PBXShellScriptBuildPhase;
			buildActionMask = 2147483647;
			files = (
			);
			inputPaths = (
			);
			name = "[CP] Check Pods Manifest.lock";
			outputPaths = (
			);
			runOnlyForDeploymentPostprocessing = 0;
			shellPath = /bin/sh;
			shellScript = "diff \"${PODS_ROOT}/../Podfile.lock\" \"${PODS_ROOT}/Manifest.lock\" > /dev/null\nif [ $? != 0 ] ; then\n    # print error to STDERR\n    echo \"error: The sandbox is not in sync with the Podfile.lock. Run 'pod install' or update your CocoaPods installation.\" >&2\n    exit 1\nfi\n";
			showEnvVarsInLog = 0;
		};
		E9883C0A64F595AE089A2D42 /* [CP] Copy Pods Resources */ = {
			isa = PBXShellScriptBuildPhase;
			buildActionMask = 2147483647;
			files = (
			);
			inputPaths = (
			);
			name = "[CP] Copy Pods Resources";
			outputPaths = (
			);
			runOnlyForDeploymentPostprocessing = 0;
			shellPath = /bin/sh;
			shellScript = "\"${SRCROOT}/Pods/Target Support Files/Pods-图床/Pods-图床-resources.sh\"\n";
			showEnvVarsInLog = 0;
		};
/* End PBXShellScriptBuildPhase section */

/* Begin PBXSourcesBuildPhase section */
		8832C9BA1DE7D26400679FC7 /* Sources */ = {
			isa = PBXSourcesBuildPhase;
			buildActionMask = 2147483647;
			files = (
				886686951DE9884A006877E4 /* UPBlockUploader.swift in Sources */,
				886686981DE9884A006877E4 /* UPUtils.swift in Sources */,
				886686971DE9884A006877E4 /* UPHTTPClient.swift in Sources */,
				8860F0731DE846C600D9CD01 /* AppHelper.swift in Sources */,
				8860F0711DE841A800D9CD01 /* PasteboardObserver.swift in Sources */,
				8860F0691DE8050300D9CD01 /* GeneralViewController.swift in Sources */,
				886686961DE9884A006877E4 /* UPFormUploader.swift in Sources */,
				8832C9C21DE7D26400679FC7 /* AppDelegate.swift in Sources */,
				88D61AC21DE7FAB500B3532E /* ImagePreferencesViewController.swift in Sources */,
			);
			runOnlyForDeploymentPostprocessing = 0;
		};
/* End PBXSourcesBuildPhase section */

/* Begin PBXVariantGroup section */
		8832C9C51DE7D26400679FC7 /* MainMenu.xib */ = {
			isa = PBXVariantGroup;
			children = (
				8832C9C61DE7D26400679FC7 /* Base */,
			);
			name = MainMenu.xib;
			sourceTree = "<group>";
		};
/* End PBXVariantGroup section */

/* Begin XCBuildConfiguration section */
		8832C9C91DE7D26400679FC7 /* Debug */ = {
			isa = XCBuildConfiguration;
			buildSettings = {
				ALWAYS_SEARCH_USER_PATHS = NO;
				CLANG_ANALYZER_NONNULL = YES;
				CLANG_CXX_LANGUAGE_STANDARD = "gnu++0x";
				CLANG_CXX_LIBRARY = "libc++";
				CLANG_ENABLE_MODULES = YES;
				CLANG_ENABLE_OBJC_ARC = YES;
				CLANG_WARN_BOOL_CONVERSION = YES;
				CLANG_WARN_CONSTANT_CONVERSION = YES;
				CLANG_WARN_DIRECT_OBJC_ISA_USAGE = YES_ERROR;
				CLANG_WARN_EMPTY_BODY = YES;
				CLANG_WARN_ENUM_CONVERSION = YES;
				CLANG_WARN_INT_CONVERSION = YES;
				CLANG_WARN_OBJC_ROOT_CLASS = YES_ERROR;
				CLANG_WARN_UNREACHABLE_CODE = YES;
				CLANG_WARN__DUPLICATE_METHOD_MATCH = YES;
				CODE_SIGN_IDENTITY = "-";
				COPY_PHASE_STRIP = NO;
				DEBUG_INFORMATION_FORMAT = dwarf;
				ENABLE_STRICT_OBJC_MSGSEND = YES;
				ENABLE_TESTABILITY = YES;
				GCC_C_LANGUAGE_STANDARD = gnu99;
				GCC_DYNAMIC_NO_PIC = NO;
				GCC_NO_COMMON_BLOCKS = YES;
				GCC_OPTIMIZATION_LEVEL = 0;
				GCC_PREPROCESSOR_DEFINITIONS = (
					"DEBUG=1",
					"$(inherited)",
				);
				GCC_WARN_64_TO_32_BIT_CONVERSION = YES;
				GCC_WARN_ABOUT_RETURN_TYPE = YES_ERROR;
				GCC_WARN_UNDECLARED_SELECTOR = YES;
				GCC_WARN_UNINITIALIZED_AUTOS = YES_AGGRESSIVE;
				GCC_WARN_UNUSED_FUNCTION = YES;
				GCC_WARN_UNUSED_VARIABLE = YES;
				MACOSX_DEPLOYMENT_TARGET = 10.11;
				MTL_ENABLE_DEBUG_INFO = YES;
				ONLY_ACTIVE_ARCH = YES;
				SDKROOT = macosx;
				SWIFT_OPTIMIZATION_LEVEL = "-Onone";
			};
			name = Debug;
		};
		8832C9CA1DE7D26400679FC7 /* Release */ = {
			isa = XCBuildConfiguration;
			buildSettings = {
				ALWAYS_SEARCH_USER_PATHS = NO;
				CLANG_ANALYZER_NONNULL = YES;
				CLANG_CXX_LANGUAGE_STANDARD = "gnu++0x";
				CLANG_CXX_LIBRARY = "libc++";
				CLANG_ENABLE_MODULES = YES;
				CLANG_ENABLE_OBJC_ARC = YES;
				CLANG_WARN_BOOL_CONVERSION = YES;
				CLANG_WARN_CONSTANT_CONVERSION = YES;
				CLANG_WARN_DIRECT_OBJC_ISA_USAGE = YES_ERROR;
				CLANG_WARN_EMPTY_BODY = YES;
				CLANG_WARN_ENUM_CONVERSION = YES;
				CLANG_WARN_INT_CONVERSION = YES;
				CLANG_WARN_OBJC_ROOT_CLASS = YES_ERROR;
				CLANG_WARN_UNREACHABLE_CODE = YES;
				CLANG_WARN__DUPLICATE_METHOD_MATCH = YES;
				CODE_SIGN_IDENTITY = "-";
				COPY_PHASE_STRIP = NO;
				DEBUG_INFORMATION_FORMAT = "dwarf-with-dsym";
				ENABLE_NS_ASSERTIONS = NO;
				ENABLE_STRICT_OBJC_MSGSEND = YES;
				GCC_C_LANGUAGE_STANDARD = gnu99;
				GCC_NO_COMMON_BLOCKS = YES;
				GCC_WARN_64_TO_32_BIT_CONVERSION = YES;
				GCC_WARN_ABOUT_RETURN_TYPE = YES_ERROR;
				GCC_WARN_UNDECLARED_SELECTOR = YES;
				GCC_WARN_UNINITIALIZED_AUTOS = YES_AGGRESSIVE;
				GCC_WARN_UNUSED_FUNCTION = YES;
				GCC_WARN_UNUSED_VARIABLE = YES;
				MACOSX_DEPLOYMENT_TARGET = 10.11;
				MTL_ENABLE_DEBUG_INFO = NO;
				SDKROOT = macosx;
			};
			name = Release;
		};
		8832C9CC1DE7D26400679FC7 /* Debug */ = {
			isa = XCBuildConfiguration;
			baseConfigurationReference = D28CC84E54D66F4C7D5821CA /* Pods-图床.debug.xcconfig */;
			buildSettings = {
				ASSETCATALOG_COMPILER_APPICON_NAME = AppIcon;
				COMBINE_HIDPI_IMAGES = YES;
				INFOPLIST_FILE = Tuchuang/Info.plist;
				LD_RUNPATH_SEARCH_PATHS = "$(inherited) @executable_path/../Frameworks";
				MACOSX_DEPLOYMENT_TARGET = 10.11;
				PRODUCT_BUNDLE_IDENTIFIER = com.peterfei.Tuchuang;
				PRODUCT_NAME = "up云图床";
				SWIFT_OBJC_BRIDGING_HEADER = "$(SWIFT_MODULE_NAME)-Bridging-Header.h";
			};
			name = Debug;
		};
		8832C9CD1DE7D26400679FC7 /* Release */ = {
			isa = XCBuildConfiguration;
			baseConfigurationReference = 1829087686CBD3008EFBDCE6 /* Pods-图床.release.xcconfig */;
			buildSettings = {
				ASSETCATALOG_COMPILER_APPICON_NAME = AppIcon;
				COMBINE_HIDPI_IMAGES = YES;
				INFOPLIST_FILE = Tuchuang/Info.plist;
				LD_RUNPATH_SEARCH_PATHS = "$(inherited) @executable_path/../Frameworks";
				MACOSX_DEPLOYMENT_TARGET = 10.11;
				PRODUCT_BUNDLE_IDENTIFIER = com.peterfei.Tuchuang;
				PRODUCT_NAME = "up云图床";
				SWIFT_OBJC_BRIDGING_HEADER = "$(SWIFT_MODULE_NAME)-Bridging-Header.h";
			};
			name = Release;
		};
/* End XCBuildConfiguration section */

/* Begin XCConfigurationList section */
		8832C9B91DE7D26400679FC7 /* Build configuration list for PBXProject "up云图床" */ = {
			isa = XCConfigurationList;
			buildConfigurations = (
				8832C9C91DE7D26400679FC7 /* Debug */,
				8832C9CA1DE7D26400679FC7 /* Release */,
			);
			defaultConfigurationIsVisible = 0;
			defaultConfigurationName = Release;
		};
		8832C9CB1DE7D26400679FC7 /* Build configuration list for PBXNativeTarget "up云图床" */ = {
			isa = XCConfigurationList;
			buildConfigurations = (
				8832C9CC1DE7D26400679FC7 /* Debug */,
				8832C9CD1DE7D26400679FC7 /* Release */,
			);
			defaultConfigurationIsVisible = 0;
			defaultConfigurationName = Release;
		};
/* End XCConfigurationList section */
	};
	rootObject = 8832C9B61DE7D26400679FC7 /* Project object */;
}
